// !$*UTF8*$!
{
	archiveVersion = 1;
	classes = {
	};
	objectVersion = 46;
	objects = {

/* Begin PBXBuildFile section */
		0030B7FB188E11390055AB0B /* Foundation.framework in Frameworks */ = {isa = PBXBuildFile; fileRef = 0030B7FA188E11390055AB0B /* Foundation.framework */; };
		0030B7FD188E11390055AB0B /* CoreGraphics.framework in Frameworks */ = {isa = PBXBuildFile; fileRef = 0030B7FC188E11390055AB0B /* CoreGraphics.framework */; };
		0030B7FF188E11390055AB0B /* UIKit.framework in Frameworks */ = {isa = PBXBuildFile; fileRef = 0030B7FE188E11390055AB0B /* UIKit.framework */; };
		0030B805188E11390055AB0B /* InfoPlist.strings in Resources */ = {isa = PBXBuildFile; fileRef = 0030B803188E11390055AB0B /* InfoPlist.strings */; };
		0030B807188E11390055AB0B /* main.m in Sources */ = {isa = PBXBuildFile; fileRef = 0030B806188E11390055AB0B /* main.m */; };
		0030B80B188E11390055AB0B /* AppDelegate.m in Sources */ = {isa = PBXBuildFile; fileRef = 0030B80A188E11390055AB0B /* AppDelegate.m */; };
		0030B80E188E11390055AB0B /* Main.storyboard in Resources */ = {isa = PBXBuildFile; fileRef = 0030B80C188E11390055AB0B /* Main.storyboard */; };
		0030B811188E11390055AB0B /* ViewController.m in Sources */ = {isa = PBXBuildFile; fileRef = 0030B810188E11390055AB0B /* ViewController.m */; };
		0030B813188E11390055AB0B /* Images.xcassets in Resources */ = {isa = PBXBuildFile; fileRef = 0030B812188E11390055AB0B /* Images.xcassets */; };
		0030B81A188E11390055AB0B /* XCTest.framework in Frameworks */ = {isa = PBXBuildFile; fileRef = 0030B819188E11390055AB0B /* XCTest.framework */; };
		0030B81B188E11390055AB0B /* Foundation.framework in Frameworks */ = {isa = PBXBuildFile; fileRef = 0030B7FA188E11390055AB0B /* Foundation.framework */; };
		0030B81C188E11390055AB0B /* UIKit.framework in Frameworks */ = {isa = PBXBuildFile; fileRef = 0030B7FE188E11390055AB0B /* UIKit.framework */; };
		0030B824188E11390055AB0B /* InfoPlist.strings in Resources */ = {isa = PBXBuildFile; fileRef = 0030B822188E11390055AB0B /* InfoPlist.strings */; };
		0030B826188E11390055AB0B /* SocialFrameworkTests.m in Sources */ = {isa = PBXBuildFile; fileRef = 0030B825188E11390055AB0B /* SocialFrameworkTests.m */; };
		0030B830188E129C0055AB0B /* image.png in Resources */ = {isa = PBXBuildFile; fileRef = 0030B82F188E129C0055AB0B /* image.png */; };
/* End PBXBuildFile section */

/* Begin PBXContainerItemProxy section */
		0030B81D188E11390055AB0B /* PBXContainerItemProxy */ = {
			isa = PBXContainerItemProxy;
			containerPortal = 0030B7EF188E11390055AB0B /* Project object */;
			proxyType = 1;
			remoteGlobalIDString = 0030B7F6188E11390055AB0B;
			remoteInfo = SocialFramework;
		};
/* End PBXContainerItemProxy section */

/* Begin PBXFileReference section */
		0030B7F7188E11390055AB0B /* SocialFramework.app */ = {isa = PBXFileReference; explicitFileType = wrapper.application; includeInIndex = 0; path = SocialFramework.app; sourceTree = BUILT_PRODUCTS_DIR; };
		0030B7FA188E11390055AB0B /* Foundation.framework */ = {isa = PBXFileReference; lastKnownFileType = wrapper.framework; name = Foundation.framework; path = System/Library/Frameworks/Foundation.framework; sourceTree = SDKROOT; };
		0030B7FC188E11390055AB0B /* CoreGraphics.framework */ = {isa = PBXFileReference; lastKnownFileType = wrapper.framework; name = CoreGraphics.framework; path = System/Library/Frameworks/CoreGraphics.framework; sourceTree = SDKROOT; };
		0030B7FE188E11390055AB0B /* UIKit.framework */ = {isa = PBXFileReference; lastKnownFileType = wrapper.framework; name = UIKit.framework; path = System/Library/Frameworks/UIKit.framework; sourceTree = SDKROOT; };
		0030B802188E11390055AB0B /* SocialFramework-Info.plist */ = {isa = PBXFileReference; lastKnownFileType = text.plist.xml; path = "SocialFramework-Info.plist"; sourceTree = "<group>"; };
		0030B804188E11390055AB0B /* en */ = {isa = PBXFileReference; lastKnownFileType = text.plist.strings; name = en; path = en.lproj/InfoPlist.strings; sourceTree = "<group>"; };
		0030B806188E11390055AB0B /* main.m */ = {isa = PBXFileReference; lastKnownFileType = sourcecode.c.objc; path = main.m; sourceTree = "<group>"; };
		0030B808188E11390055AB0B /* SocialFramework-Prefix.pch */ = {isa = PBXFileReference; lastKnownFileType = sourcecode.c.h; path = "SocialFramework-Prefix.pch"; sourceTree = "<group>"; };
		0030B809188E11390055AB0B /* AppDelegate.h */ = {isa = PBXFileReference; lastKnownFileType = sourcecode.c.h; path = AppDelegate.h; sourceTree = "<group>"; };
		0030B80A188E11390055AB0B /* AppDelegate.m */ = {isa = PBXFileReference; lastKnownFileType = sourcecode.c.objc; path = AppDelegate.m; sourceTree = "<group>"; };
		0030B80D188E11390055AB0B /* Base */ = {isa = PBXFileReference; lastKnownFileType = file.storyboard; name = Base; path = Base.lproj/Main.storyboard; sourceTree = "<group>"; };
		0030B80F188E11390055AB0B /* ViewController.h */ = {isa = PBXFileReference; lastKnownFileType = sourcecode.c.h; path = ViewController.h; sourceTree = "<group>"; };
		0030B810188E11390055AB0B /* ViewController.m */ = {isa = PBXFileReference; lastKnownFileType = sourcecode.c.objc; path = ViewController.m; sourceTree = "<group>"; };
		0030B812188E11390055AB0B /* Images.xcassets */ = {isa = PBXFileReference; lastKnownFileType = folder.assetcatalog; path = Images.xcassets; sourceTree = "<group>"; };
		0030B818188E11390055AB0B /* SocialFrameworkTests.xctest */ = {isa = PBXFileReference; explicitFileType = wrapper.cfbundle; includeInIndex = 0; path = SocialFrameworkTests.xctest; sourceTree = BUILT_PRODUCTS_DIR; };
		0030B819188E11390055AB0B /* XCTest.framework */ = {isa = PBXFileReference; lastKnownFileType = wrapper.framework; name = XCTest.framework; path = Library/Frameworks/XCTest.framework; sourceTree = DEVELOPER_DIR; };
		0030B821188E11390055AB0B /* SocialFrameworkTests-Info.plist */ = {isa = PBXFileReference; lastKnownFileType = text.plist.xml; path = "SocialFrameworkTests-Info.plist"; sourceTree = "<group>"; };
		0030B823188E11390055AB0B /* en */ = {isa = PBXFileReference; lastKnownFileType = text.plist.strings; name = en; path = en.lproj/InfoPlist.strings; sourceTree = "<group>"; };
		0030B825188E11390055AB0B /* SocialFrameworkTests.m */ = {isa = PBXFileReference; lastKnownFileType = sourcecode.c.objc; path = SocialFrameworkTests.m; sourceTree = "<group>"; };
		0030B82F188E129C0055AB0B /* image.png */ = {isa = PBXFileReference; lastKnownFileType = image.png; path = image.png; sourceTree = "<group>"; };
/* End PBXFileReference section */

/* Begin PBXFrameworksBuildPhase section */
		0030B7F4188E11390055AB0B /* Frameworks */ = {
			isa = PBXFrameworksBuildPhase;
			buildActionMask = 2147483647;
			files = (
				0030B7FD188E11390055AB0B /* CoreGraphics.framework in Frameworks */,
				0030B7FF188E11390055AB0B /* UIKit.framework in Frameworks */,
				0030B7FB188E11390055AB0B /* Foundation.framework in Frameworks */,
			);
			runOnlyForDeploymentPostprocessing = 0;
		};
		0030B815188E11390055AB0B /* Frameworks */ = {
			isa = PBXFrameworksBuildPhase;
			buildActionMask = 2147483647;
			files = (
				0030B81A188E11390055AB0B /* XCTest.framework in Frameworks */,
				0030B81C188E11390055AB0B /* UIKit.framework in Frameworks */,
				0030B81B188E11390055AB0B /* Foundation.framework in Frameworks */,
			);
			runOnlyForDeploymentPostprocessing = 0;
		};
/* End PBXFrameworksBuildPhase section */

/* Begin PBXGroup section */
		0030B7EE188E11390055AB0B = {
			isa = PBXGroup;
			children = (
				0030B800188E11390055AB0B /* SocialFramework */,
				0030B81F188E11390055AB0B /* SocialFrameworkTests */,
				0030B7F9188E11390055AB0B /* Frameworks */,
				0030B7F8188E11390055AB0B /* Products */,
			);
			sourceTree = "<group>";
		};
		0030B7F8188E11390055AB0B /* Products */ = {
			isa = PBXGroup;
			children = (
				0030B7F7188E11390055AB0B /* SocialFramework.app */,
				0030B818188E11390055AB0B /* SocialFrameworkTests.xctest */,
			);
			name = Products;
			sourceTree = "<group>";
		};
		0030B7F9188E11390055AB0B /* Frameworks */ = {
			isa = PBXGroup;
			children = (
				0030B7FA188E11390055AB0B /* Foundation.framework */,
				0030B7FC188E11390055AB0B /* CoreGraphics.framework */,
				0030B7FE188E11390055AB0B /* UIKit.framework */,
				0030B819188E11390055AB0B /* XCTest.framework */,
			);
			name = Frameworks;
			sourceTree = "<group>";
		};
		0030B800188E11390055AB0B /* SocialFramework */ = {
			isa = PBXGroup;
			children = (
				0030B809188E11390055AB0B /* AppDelegate.h */,
				0030B80A188E11390055AB0B /* AppDelegate.m */,
				0030B80C188E11390055AB0B /* Main.storyboard */,
				0030B80F188E11390055AB0B /* ViewController.h */,
				0030B810188E11390055AB0B /* ViewController.m */,
				0030B812188E11390055AB0B /* Images.xcassets */,
				0030B801188E11390055AB0B /* Supporting Files */,
			);
			path = SocialFramework;
			sourceTree = "<group>";
		};
		0030B801188E11390055AB0B /* Supporting Files */ = {
			isa = PBXGroup;
			children = (
				0030B82F188E129C0055AB0B /* image.png */,
				0030B802188E11390055AB0B /* SocialFramework-Info.plist */,
				0030B803188E11390055AB0B /* InfoPlist.strings */,
				0030B806188E11390055AB0B /* main.m */,
				0030B808188E11390055AB0B /* SocialFramework-Prefix.pch */,
			);
			name = "Supporting Files";
			sourceTree = "<group>";
		};
		0030B81F188E11390055AB0B /* SocialFrameworkTests */ = {
			isa = PBXGroup;
			children = (
				0030B825188E11390055AB0B /* SocialFrameworkTests.m */,
				0030B820188E11390055AB0B /* Supporting Files */,
			);
			path = SocialFrameworkTests;
			sourceTree = "<group>";
		};
		0030B820188E11390055AB0B /* Supporting Files */ = {
			isa = PBXGroup;
			children = (
				0030B821188E11390055AB0B /* SocialFrameworkTests-Info.plist */,
				0030B822188E11390055AB0B /* InfoPlist.strings */,
			);
			name = "Supporting Files";
			sourceTree = "<group>";
		};
/* End PBXGroup section */

/* Begin PBXNativeTarget section */
		0030B7F6188E11390055AB0B /* SocialFramework */ = {
			isa = PBXNativeTarget;
			buildConfigurationList = 0030B829188E11390055AB0B /* Build configuration list for PBXNativeTarget "SocialFramework" */;
			buildPhases = (
				0030B7F3188E11390055AB0B /* Sources */,
				0030B7F4188E11390055AB0B /* Frameworks */,
				0030B7F5188E11390055AB0B /* Resources */,
			);
			buildRules = (
			);
			dependencies = (
			);
			name = SocialFramework;
			productName = SocialFramework;
			productReference = 0030B7F7188E11390055AB0B /* SocialFramework.app */;
			productType = "com.apple.product-type.application";
		};
		0030B817188E11390055AB0B /* SocialFrameworkTests */ = {
			isa = PBXNativeTarget;
			buildConfigurationList = 0030B82C188E11390055AB0B /* Build configuration list for PBXNativeTarget "SocialFrameworkTests" */;
			buildPhases = (
				0030B814188E11390055AB0B /* Sources */,
				0030B815188E11390055AB0B /* Frameworks */,
				0030B816188E11390055AB0B /* Resources */,
			);
			buildRules = (
			);
			dependencies = (
				0030B81E188E11390055AB0B /* PBXTargetDependency */,
			);
			name = SocialFrameworkTests;
			productName = SocialFrameworkTests;
			productReference = 0030B818188E11390055AB0B /* SocialFrameworkTests.xctest */;
			productType = "com.apple.product-type.bundle.unit-test";
		};
/* End PBXNativeTarget section */

/* Begin PBXProject section */
		0030B7EF188E11390055AB0B /* Project object */ = {
			isa = PBXProject;
			attributes = {
				LastUpgradeCheck = 0500;
				ORGANIZATIONNAME = "SDT-1";
				TargetAttributes = {
					0030B817188E11390055AB0B = {
						TestTargetID = 0030B7F6188E11390055AB0B;
					};
				};
			};
			buildConfigurationList = 0030B7F2188E11390055AB0B /* Build configuration list for PBXProject "SocialFramework" */;
			compatibilityVersion = "Xcode 3.2";
			developmentRegion = English;
			hasScannedForEncodings = 0;
			knownRegions = (
				en,
				Base,
			);
			mainGroup = 0030B7EE188E11390055AB0B;
			productRefGroup = 0030B7F8188E11390055AB0B /* Products */;
			projectDirPath = "";
			projectRoot = "";
			targets = (
				0030B7F6188E11390055AB0B /* SocialFramework */,
				0030B817188E11390055AB0B /* SocialFrameworkTests */,
			);
		};
/* End PBXProject section */

/* Begin PBXResourcesBuildPhase section */
		0030B7F5188E11390055AB0B /* Resources */ = {
			isa = PBXResourcesBuildPhase;
			buildActionMask = 2147483647;
			files = (
				0030B813188E11390055AB0B /* Images.xcassets in Resources */,
				0030B805188E11390055AB0B /* InfoPlist.strings in Resources */,
				0030B830188E129C0055AB0B /* image.png in Resources */,
				0030B80E188E11390055AB0B /* Main.storyboard in Resources */,
			);
			runOnlyForDeploymentPostprocessing = 0;
		};
		0030B816188E11390055AB0B /* Resources */ = {
			isa = PBXResourcesBuildPhase;
			buildActionMask = 2147483647;
			files = (
				0030B824188E11390055AB0B /* InfoPlist.strings in Resources */,
			);
			runOnlyForDeploymentPostprocessing = 0;
		};
/* End PBXResourcesBuildPhase section */

/* Begin PBXSourcesBuildPhase section */
		0030B7F3188E11390055AB0B /* Sources */ = {
			isa = PBXSourcesBuildPhase;
			buildActionMask = 2147483647;
			files = (
				0030B811188E11390055AB0B /* ViewController.m in Sources */,
				0030B80B188E11390055AB0B /* AppDelegate.m in Sources */,
				0030B807188E11390055AB0B /* main.m in Sources */,
			);
			runOnlyForDeploymentPostprocessing = 0;
		};
		0030B814188E11390055AB0B /* Sources */ = {
			isa = PBXSourcesBuildPhase;
			buildActionMask = 2147483647;
			files = (
				0030B826188E11390055AB0B /* SocialFrameworkTests.m in Sources */,
			);
			runOnlyForDeploymentPostprocessing = 0;
		};
/* End PBXSourcesBuildPhase section */

/* Begin PBXTargetDependency section */
		0030B81E188E11390055AB0B /* PBXTargetDependency */ = {
			isa = PBXTargetDependency;
			target = 0030B7F6188E11390055AB0B /* SocialFramework */;
			targetProxy = 0030B81D188E11390055AB0B /* PBXContainerItemProxy */;
		};
/* End PBXTargetDependency section */

/* Begin PBXVariantGroup section */
		0030B803188E11390055AB0B /* InfoPlist.strings */ = {
			isa = PBXVariantGroup;
			children = (
				0030B804188E11390055AB0B /* en */,
			);
			name = InfoPlist.strings;
			sourceTree = "<group>";
		};
		0030B80C188E11390055AB0B /* Main.storyboard */ = {
			isa = PBXVariantGroup;
			children = (
				0030B80D188E11390055AB0B /* Base */,
			);
			name = Main.storyboard;
			sourceTree = "<group>";
		};
		0030B822188E11390055AB0B /* InfoPlist.strings */ = {
			isa = PBXVariantGroup;
			children = (
				0030B823188E11390055AB0B /* en */,
			);
			name = InfoPlist.strings;
			sourceTree = "<group>";
		};
/* End PBXVariantGroup section */

/* Begin XCBuildConfiguration section */
		0030B827188E11390055AB0B /* Debug */ = {
			isa = XCBuildConfiguration;
			buildSettings = {
				ALWAYS_SEARCH_USER_PATHS = NO;
				ARCHS = "$(ARCHS_STANDARD_INCLUDING_64_BIT)";
				CLANG_CXX_LANGUAGE_STANDARD = "gnu++0x";
				CLANG_CXX_LIBRARY = "libc++";
				CLANG_ENABLE_MODULES = YES;
				CLANG_ENABLE_OBJC_ARC = YES;
				CLANG_WARN_BOOL_CONVERSION = YES;
				CLANG_WARN_CONSTANT_CONVERSION = YES;
				CLANG_WARN_DIRECT_OBJC_ISA_USAGE = YES_ERROR;
				CLANG_WARN_EMPTY_BODY = YES;
				CLANG_WARN_ENUM_CONVERSION = YES;
				CLANG_WARN_INT_CONVERSION = YES;
				CLANG_WARN_OBJC_ROOT_CLASS = YES_ERROR;
				CLANG_WARN__DUPLICATE_METHOD_MATCH = YES;
				"CODE_SIGN_IDENTITY[sdk=iphoneos*]" = "iPhone Developer";
				COPY_PHASE_STRIP = NO;
				GCC_C_LANGUAGE_STANDARD = gnu99;
				GCC_DYNAMIC_NO_PIC = NO;
				GCC_OPTIMIZATION_LEVEL = 0;
				GCC_PREPROCESSOR_DEFINITIONS = (
					"DEBUG=1",
					"$(inherited)",
				);
				GCC_SYMBOLS_PRIVATE_EXTERN = NO;
				GCC_WARN_64_TO_32_BIT_CONVERSION = YES;
				GCC_WARN_ABOUT_RETURN_TYPE = YES_ERROR;
				GCC_WARN_UNDECLARED_SELECTOR = YES;
				GCC_WARN_UNINITIALIZED_AUTOS = YES;
				GCC_WARN_UNUSED_FUNCTION = YES;
				GCC_WARN_UNUSED_VARIABLE = YES;
				IPHONEOS_DEPLOYMENT_TARGET = 7.0;
				ONLY_ACTIVE_ARCH = YES;
				SDKROOT = iphoneos;
			};
			name = Debug;
		};
		0030B828188E11390055AB0B /* Release */ = {
			isa = XCBuildConfiguration;
			buildSettings = {
				ALWAYS_SEARCH_USER_PATHS = NO;
				ARCHS = "$(ARCHS_STANDARD_INCLUDING_64_BIT)";
				CLANG_CXX_LANGUAGE_STANDARD = "gnu++0x";
				CLANG_CXX_LIBRARY = "libc++";
				CLANG_ENABLE_MODULES = YES;
				CLANG_ENABLE_OBJC_ARC = YES;
				CLANG_WARN_BOOL_CONVERSION = YES;
				CLANG_WARN_CONSTANT_CONVERSION = YES;
				CLANG_WARN_DIRECT_OBJC_ISA_USAGE = YES_ERROR;
				CLANG_WARN_EMPTY_BODY = YES;
				CLANG_WARN_ENUM_CONVERSION = YES;
				CLANG_WARN_INT_CONVERSION = YES;
				CLANG_WARN_OBJC_ROOT_CLASS = YES_ERROR;
				CLANG_WARN__DUPLICATE_METHOD_MATCH = YES;
				"CODE_SIGN_IDENTITY[sdk=iphoneos*]" = "iPhone Developer";
				COPY_PHASE_STRIP = YES;
				ENABLE_NS_ASSERTIONS = NO;
				GCC_C_LANGUAGE_STANDARD = gnu99;
				GCC_WARN_64_TO_32_BIT_CONVERSION = YES;
				GCC_WARN_ABOUT_RETURN_TYPE = YES_ERROR;
				GCC_WARN_UNDECLARED_SELECTOR = YES;
				GCC_WARN_UNINITIALIZED_AUTOS = YES;
				GCC_WARN_UNUSED_FUNCTION = YES;
				GCC_WARN_UNUSED_VARIABLE = YES;
				IPHONEOS_DEPLOYMENT_TARGET = 7.0;
				SDKROOT = iphoneos;
				VALIDATE_PRODUCT = YES;
			};
			name = Release;
		};
		0030B82A188E11390055AB0B /* Debug */ = {
			isa = XCBuildConfiguration;
			buildSettings = {
				ASSETCATALOG_COMPILER_APPICON_NAME = AppIcon;
				ASSETCATALOG_COMPILER_LAUNCHIMAGE_NAME = LaunchImage;
				GCC_PRECOMPILE_PREFIX_HEADER = YES;
				GCC_PREFIX_HEADER = "SocialFramework/SocialFramework-Prefix.pch";
				INFOPLIST_FILE = "SocialFramework/SocialFramework-Info.plist";
				PRODUCT_NAME = "$(TARGET_NAME)";
				WRAPPER_EXTENSION = app;
			};
			name = Debug;
		};
		0030B82B188E11390055AB0B /* Release */ = {
			isa = XCBuildConfiguration;
			buildSettings = {
				ASSETCATALOG_COMPILER_APPICON_NAME = AppIcon;
				ASSETCATALOG_COMPILER_LAUNCHIMAGE_NAME = LaunchImage;
				GCC_PRECOMPILE_PREFIX_HEADER = YES;
				GCC_PREFIX_HEADER = "SocialFramework/SocialFramework-Prefix.pch";
				INFOPLIST_FILE = "SocialFramework/SocialFramework-Info.plist";
				PRODUCT_NAME = "$(TARGET_NAME)";
				WRAPPER_EXTENSION = app;
			};
			name = Release;
		};
		0030B82D188E11390055AB0B /* Debug */ = {
			isa = XCBuildConfiguration;
			buildSettings = {
				ARCHS = "$(ARCHS_STANDARD_INCLUDING_64_BIT)";
				BUNDLE_LOADER = "$(BUILT_PRODUCTS_DIR)/SocialFramework.app/SocialFramework";
				FRAMEWORK_SEARCH_PATHS = (
					"$(SDKROOT)/Developer/Library/Frameworks",
					"$(inherited)",
					"$(DEVELOPER_FRAMEWORKS_DIR)",
				);
				GCC_PRECOMPILE_PREFIX_HEADER = YES;
				GCC_PREFIX_HEADER = "SocialFramework/SocialFramework-Prefix.pch";
				GCC_PREPROCESSOR_DEFINITIONS = (
					"DEBUG=1",
					"$(inherited)",
				);
				INFOPLIST_FILE = "SocialFrameworkTests/SocialFrameworkTests-Info.plist";
				PRODUCT_NAME = "$(TARGET_NAME)";
				TEST_HOST = "$(BUNDLE_LOADER)";
				WRAPPER_EXTENSION = xctest;
			};
			name = Debug;
		};
		0030B82E188E11390055AB0B /* Release */ = {
			isa = XCBuildConfiguration;
			buildSettings = {
				ARCHS = "$(ARCHS_STANDARD_INCLUDING_64_BIT)";
				BUNDLE_LOADER = "$(BUILT_PRODUCTS_DIR)/SocialFramework.app/SocialFramework";
				FRAMEWORK_SEARCH_PATHS = (
					"$(SDKROOT)/Developer/Library/Frameworks",
					"$(inherited)",
					"$(DEVELOPER_FRAMEWORKS_DIR)",
				);
				GCC_PRECOMPILE_PREFIX_HEADER = YES;
				GCC_PREFIX_HEADER = "SocialFramework/SocialFramework-Prefix.pch";
				INFOPLIST_FILE = "SocialFrameworkTests/SocialFrameworkTests-Info.plist";
				PRODUCT_NAME = "$(TARGET_NAME)";
				TEST_HOST = "$(BUNDLE_LOADER)";
				WRAPPER_EXTENSION = xctest;
			};
			name = Release;
		};
/* End XCBuildConfiguration section */

/* Begin XCConfigurationList section */
		0030B7F2188E11390055AB0B /* Build configuration list for PBXProject "SocialFramework" */ = {
			isa = XCConfigurationList;
			buildConfigurations = (
				0030B827188E11390055AB0B /* Debug */,
				0030B828188E11390055AB0B /* Release */,
			);
			defaultConfigurationIsVisible = 0;
			defaultConfigurationName = Release;
		};
		0030B829188E11390055AB0B /* Build configuration list for PBXNativeTarget "SocialFramework" */ = {
			isa = XCConfigurationList;
			buildConfigurations = (
				0030B82A188E11390055AB0B /* Debug */,
				0030B82B188E11390055AB0B /* Release */,
			);
			defaultConfigurationIsVisible = 0;
		};
		0030B82C188E11390055AB0B /* Build configuration list for PBXNativeTarget "SocialFrameworkTests" */ = {
			isa = XCConfigurationList;
			buildConfigurations = (
				0030B82D188E11390055AB0B /* Debug */,
				0030B82E188E11390055AB0B /* Release */,
			);
			defaultConfigurationIsVisible = 0;
		};
/* End XCConfigurationList section */
	};
	rootObject = 0030B7EF188E11390055AB0B /* Project object */;
}
